
Microsoft Visual Studio Solution File, Format Version 12.00
# Visual Studio Version 16
VisualStudioVersion = 16.0.31702.278
MinimumVisualStudioVersion = 10.0.40219.1
Project("{FAE04EC0-301F-11D3-BF4B-00C04F79EFBC}") = "linq-csharp", "linq-csharp.csproj", "{B75B3EC4-15CB-47FF-B26D-368CA34978C6}"
EndProject
Global
	GlobalSection(SolutionConfigurationPlatforms) = preSolution
		Debug|Any CPU = Debug|Any CPU
		Release|Any CPU = Release|Any CPU
	EndGlobalSection
	GlobalSection(ProjectConfigurationPlatforms) = postSolution
		{B75B3EC4-15CB-47FF-B26D-368CA34978C6}.Debug|Any CPU.ActiveCfg = Debug|Any CPU
		{B75B3EC4-15CB-47FF-B26D-368CA34978C6}.Debug|Any CPU.Build.0 = Debug|Any CPU
		{B75B3EC4-15CB-47FF-B26D-368CA34978C6}.Release|Any CPU.ActiveCfg = Release|Any CPU
		{B75B3EC4-15CB-47FF-B26D-368CA34978C6}.Release|Any CPU.Build.0 = Release|Any CPU
	EndGlobalSection
	GlobalSection(SolutionProperties) = preSolution
		HideSolutionNode = FALSE
	EndGlobalSection
	GlobalSection(ExtensibilityGlobals) = postSolution
		SolutionGuid = {5A99DFB8-DF1C-4956-AF74-CA0D5CB924BC}
	EndGlobalSection
EndGlobal
